
Microsoft Visual Studio Solution File, Format Version 12.00
# Visual Studio Version 16
VisualStudioVersion = 16.0.29905.134
MinimumVisualStudioVersion = 10.0.40219.1
Project("{FAE04EC0-301F-11D3-BF4B-00C04F79EFBC}") = "EFEM", "EFEM\EFEM.csproj", "{998CA191-899B-4AB6-B17A-76EE56EFFC22}"
EndProject
Global
	GlobalSection(SolutionConfigurationPlatforms) = preSolution
		500W|x64 = 500W|x64
		500W|x86 = 500W|x86
		Debug|x64 = Debug|x64
		Debug|x86 = Debug|x86
		Release|x64 = Release|x64
		Release|x86 = Release|x86
	EndGlobalSection
	GlobalSection(ProjectConfigurationPlatforms) = postSolution
		{998CA191-899B-4AB6-B17A-76EE56EFFC22}.500W|x64.ActiveCfg = 500W|x64
		{998CA191-899B-4AB6-B17A-76EE56EFFC22}.500W|x64.Build.0 = 500W|x64
		{998CA191-899B-4AB6-B17A-76EE56EFFC22}.500W|x86.ActiveCfg = 500W|x86
		{998CA191-899B-4AB6-B17A-76EE56EFFC22}.500W|x86.Build.0 = 500W|x86
		{998CA191-899B-4AB6-B17A-76EE56EFFC22}.Debug|x64.ActiveCfg = Debug|x64
		{998CA191-899B-4AB6-B17A-76EE56EFFC22}.Debug|x64.Build.0 = Debug|x64
		{998CA191-899B-4AB6-B17A-76EE56EFFC22}.Debug|x86.ActiveCfg = Debug|x86
		{998CA191-899B-4AB6-B17A-76EE56EFFC22}.Debug|x86.Build.0 = Debug|x86
		{998CA191-899B-4AB6-B17A-76EE56EFFC22}.Release|x64.ActiveCfg = Release|x64
		{998CA191-899B-4AB6-B17A-76EE56EFFC22}.Release|x64.Build.0 = Release|x64
		{998CA191-899B-4AB6-B17A-76EE56EFFC22}.Release|x86.ActiveCfg = Release|x86
		{998CA191-899B-4AB6-B17A-76EE56EFFC22}.Release|x86.Build.0 = Release|x86
	EndGlobalSection
	GlobalSection(SolutionProperties) = preSolution
		HideSolutionNode = FALSE
	EndGlobalSection
	GlobalSection(ExtensibilityGlobals) = postSolution
		SolutionGuid = {5A49F573-D636-4765-9BFB-4750C0BB91CE}
	EndGlobalSection
EndGlobal
